
Microsoft Visual Studio Solution File, Format Version 12.00
# Visual Studio Version 17
VisualStudioVersion = 17.6.33829.357
MinimumVisualStudioVersion = 10.0.40219.1
Project("{FAE04EC0-301F-11D3-BF4B-00C04F79EFBC}") = "SOTI.Capstone.Flamingo", "SOTI.Capstone.Flamingo\SOTI.Capstone.Flamingo.csproj", "{8979F00B-2A0B-4028-A7F5-014EB867C7E4}"
EndProject
Project("{FAE04EC0-301F-11D3-BF4B-00C04F79EFBC}") = "SOTI.Capstone.FlamingoDAL", "SOTI.Capstone.FlamingoDAL\SOTI.Capstone.FlamingoDAL.csproj", "{9528AEE7-3BE8-4AF7-B638-C13A94B5E91B}"
EndProject
Project("{FAE04EC0-301F-11D3-BF4B-00C04F79EFBC}") = "SOTI.Capstone.ConsoleTest", "SOTI.Capstone.ConsoleTest\SOTI.Capstone.ConsoleTest.csproj", "{07C28BF2-1A32-4EF8-ABD1-AAC5C0A059E0}"
EndProject
Global
	GlobalSection(SolutionConfigurationPlatforms) = preSolution
		Debug|Any CPU = Debug|Any CPU
		Release|Any CPU = Release|Any CPU
	EndGlobalSection
	GlobalSection(ProjectConfigurationPlatforms) = postSolution
		{8979F00B-2A0B-4028-A7F5-014EB867C7E4}.Debug|Any CPU.ActiveCfg = Debug|Any CPU
		{8979F00B-2A0B-4028-A7F5-014EB867C7E4}.Debug|Any CPU.Build.0 = Debug|Any CPU
		{8979F00B-2A0B-4028-A7F5-014EB867C7E4}.Release|Any CPU.ActiveCfg = Release|Any CPU
		{8979F00B-2A0B-4028-A7F5-014EB867C7E4}.Release|Any CPU.Build.0 = Release|Any CPU
		{9528AEE7-3BE8-4AF7-B638-C13A94B5E91B}.Debug|Any CPU.ActiveCfg = Debug|Any CPU
		{9528AEE7-3BE8-4AF7-B638-C13A94B5E91B}.Debug|Any CPU.Build.0 = Debug|Any CPU
		{9528AEE7-3BE8-4AF7-B638-C13A94B5E91B}.Release|Any CPU.ActiveCfg = Release|Any CPU
		{9528AEE7-3BE8-4AF7-B638-C13A94B5E91B}.Release|Any CPU.Build.0 = Release|Any CPU
		{07C28BF2-1A32-4EF8-ABD1-AAC5C0A059E0}.Debug|Any CPU.ActiveCfg = Debug|Any CPU
		{07C28BF2-1A32-4EF8-ABD1-AAC5C0A059E0}.Debug|Any CPU.Build.0 = Debug|Any CPU
		{07C28BF2-1A32-4EF8-ABD1-AAC5C0A059E0}.Release|Any CPU.ActiveCfg = Release|Any CPU
		{07C28BF2-1A32-4EF8-ABD1-AAC5C0A059E0}.Release|Any CPU.Build.0 = Release|Any CPU
	EndGlobalSection
	GlobalSection(SolutionProperties) = preSolution
		HideSolutionNode = FALSE
	EndGlobalSection
	GlobalSection(ExtensibilityGlobals) = postSolution
		SolutionGuid = {834A732A-53CF-405B-94B5-26DEF5707093}
	EndGlobalSection
EndGlobal
